
Microsoft Visual Studio Solution File, Format Version 12.00
# Visual Studio Version 16
VisualStudioVersion = 16.0.31624.102
MinimumVisualStudioVersion = 10.0.40219.1
Project("{8BC9CEB8-8B4A-11D0-8D11-00A0C91BC942}") = "数组", "数组\数组.vcxproj", "{CD50A10F-6DE5-4AF5-9F0F-6475EF2D0B26}"
EndProject
Global
	GlobalSection(SolutionConfigurationPlatforms) = preSolution
		Debug|x64 = Debug|x64
		Debug|x86 = Debug|x86
		Release|x64 = Release|x64
		Release|x86 = Release|x86
	EndGlobalSection
	GlobalSection(ProjectConfigurationPlatforms) = postSolution
		{CD50A10F-6DE5-4AF5-9F0F-6475EF2D0B26}.Debug|x64.ActiveCfg = Debug|x64
		{CD50A10F-6DE5-4AF5-9F0F-6475EF2D0B26}.Debug|x64.Build.0 = Debug|x64
		{CD50A10F-6DE5-4AF5-9F0F-6475EF2D0B26}.Debug|x86.ActiveCfg = Debug|Win32
		{CD50A10F-6DE5-4AF5-9F0F-6475EF2D0B26}.Debug|x86.Build.0 = Debug|Win32
		{CD50A10F-6DE5-4AF5-9F0F-6475EF2D0B26}.Release|x64.ActiveCfg = Release|x64
		{CD50A10F-6DE5-4AF5-9F0F-6475EF2D0B26}.Release|x64.Build.0 = Release|x64
		{CD50A10F-6DE5-4AF5-9F0F-6475EF2D0B26}.Release|x86.ActiveCfg = Release|Win32
		{CD50A10F-6DE5-4AF5-9F0F-6475EF2D0B26}.Release|x86.Build.0 = Release|Win32
	EndGlobalSection
	GlobalSection(SolutionProperties) = preSolution
		HideSolutionNode = FALSE
	EndGlobalSection
	GlobalSection(ExtensibilityGlobals) = postSolution
		SolutionGuid = {48F785FC-C5E9-4D2D-9589-89BF921BD09B}
	EndGlobalSection
EndGlobal
