
Microsoft Visual Studio Solution File, Format Version 12.00
# Visual Studio Version 16
VisualStudioVersion = 16.0.31624.102
MinimumVisualStudioVersion = 10.0.40219.1
Project("{8BC9CEB8-8B4A-11D0-8D11-00A0C91BC942}") = "初阶指针2", "初阶指针2\初阶指针2.vcxproj", "{69AAC3B7-5F8F-4DF0-8104-AE21D3701038}"
EndProject
Global
	GlobalSection(SolutionConfigurationPlatforms) = preSolution
		Debug|x64 = Debug|x64
		Debug|x86 = Debug|x86
		Release|x64 = Release|x64
		Release|x86 = Release|x86
	EndGlobalSection
	GlobalSection(ProjectConfigurationPlatforms) = postSolution
		{69AAC3B7-5F8F-4DF0-8104-AE21D3701038}.Debug|x64.ActiveCfg = Debug|x64
		{69AAC3B7-5F8F-4DF0-8104-AE21D3701038}.Debug|x64.Build.0 = Debug|x64
		{69AAC3B7-5F8F-4DF0-8104-AE21D3701038}.Debug|x86.ActiveCfg = Debug|Win32
		{69AAC3B7-5F8F-4DF0-8104-AE21D3701038}.Debug|x86.Build.0 = Debug|Win32
		{69AAC3B7-5F8F-4DF0-8104-AE21D3701038}.Release|x64.ActiveCfg = Release|x64
		{69AAC3B7-5F8F-4DF0-8104-AE21D3701038}.Release|x64.Build.0 = Release|x64
		{69AAC3B7-5F8F-4DF0-8104-AE21D3701038}.Release|x86.ActiveCfg = Release|Win32
		{69AAC3B7-5F8F-4DF0-8104-AE21D3701038}.Release|x86.Build.0 = Release|Win32
	EndGlobalSection
	GlobalSection(SolutionProperties) = preSolution
		HideSolutionNode = FALSE
	EndGlobalSection
	GlobalSection(ExtensibilityGlobals) = postSolution
		SolutionGuid = {6291EA46-BE6D-43AC-B598-53E139F63E7C}
	EndGlobalSection
EndGlobal
